// !$*UTF8*$!
{
	archiveVersion = 1;
	classes = {
	};
	objectVersion = 46;
	objects = {

/* Begin PBXBuildFile section */
		1B0B5BD51F4A6DAA00A62D3E /* AppDelegate.swift in Sources */ = {isa = PBXBuildFile; fileRef = 1B0B5BD41F4A6DAA00A62D3E /* AppDelegate.swift */; };
		1B0B5BD71F4A6DAA00A62D3E /* ViewController.swift in Sources */ = {isa = PBXBuildFile; fileRef = 1B0B5BD61F4A6DAA00A62D3E /* ViewController.swift */; };
		1B0B5BDA1F4A6DAA00A62D3E /* Main.storyboard in Resources */ = {isa = PBXBuildFile; fileRef = 1B0B5BD81F4A6DAA00A62D3E /* Main.storyboard */; };
		1B0B5BDC1F4A6DAA00A62D3E /* Assets.xcassets in Resources */ = {isa = PBXBuildFile; fileRef = 1B0B5BDB1F4A6DAA00A62D3E /* Assets.xcassets */; };
		1B0B5BDF1F4A6DAA00A62D3E /* LaunchScreen.storyboard in Resources */ = {isa = PBXBuildFile; fileRef = 1B0B5BDD1F4A6DAA00A62D3E /* LaunchScreen.storyboard */; };
		1B0B5BED1F4A78EC00A62D3E /* DragEditView.swift in Sources */ = {isa = PBXBuildFile; fileRef = 1B0B5BEB1F4A78EC00A62D3E /* DragEditView.swift */; };
		1B0B5BEE1F4A78EC00A62D3E /* VideoEditVC.swift in Sources */ = {isa = PBXBuildFile; fileRef = 1B0B5BEC1F4A78EC00A62D3E /* VideoEditVC.swift */; };
		1B0B5BF01F4AA0E200A62D3E /* drag.jpg in Resources */ = {isa = PBXBuildFile; fileRef = 1B0B5BEF1F4AA0E200A62D3E /* drag.jpg */; };
/* End PBXBuildFile section */

/* Begin PBXFileReference section */
		1B0B5BD11F4A6DAA00A62D3E /* VideoEditDemo-Swift.app */ = {isa = PBXFileReference; explicitFileType = wrapper.application; includeInIndex = 0; path = "VideoEditDemo-Swift.app"; sourceTree = BUILT_PRODUCTS_DIR; };
		1B0B5BD41F4A6DAA00A62D3E /* AppDelegate.swift */ = {isa = PBXFileReference; lastKnownFileType = sourcecode.swift; path = AppDelegate.swift; sourceTree = "<group>"; };
		1B0B5BD61F4A6DAA00A62D3E /* ViewController.swift */ = {isa = PBXFileReference; lastKnownFileType = sourcecode.swift; path = ViewController.swift; sourceTree = "<group>"; };
		1B0B5BD91F4A6DAA00A62D3E /* Base */ = {isa = PBXFileReference; lastKnownFileType = file.storyboard; name = Base; path = Base.lproj/Main.storyboard; sourceTree = "<group>"; };
		1B0B5BDB1F4A6DAA00A62D3E /* Assets.xcassets */ = {isa = PBXFileReference; lastKnownFileType = folder.assetcatalog; path = Assets.xcassets; sourceTree = "<group>"; };
		1B0B5BDE1F4A6DAA00A62D3E /* Base */ = {isa = PBXFileReference; lastKnownFileType = file.storyboard; name = Base; path = Base.lproj/LaunchScreen.storyboard; sourceTree = "<group>"; };
		1B0B5BE01F4A6DAA00A62D3E /* Info.plist */ = {isa = PBXFileReference; lastKnownFileType = text.plist.xml; path = Info.plist; sourceTree = "<group>"; };
		1B0B5BEB1F4A78EC00A62D3E /* DragEditView.swift */ = {isa = PBXFileReference; fileEncoding = 4; lastKnownFileType = sourcecode.swift; path = DragEditView.swift; sourceTree = "<group>"; };
		1B0B5BEC1F4A78EC00A62D3E /* VideoEditVC.swift */ = {isa = PBXFileReference; fileEncoding = 4; lastKnownFileType = sourcecode.swift; path = VideoEditVC.swift; sourceTree = "<group>"; };
		1B0B5BEF1F4AA0E200A62D3E /* drag.jpg */ = {isa = PBXFileReference; lastKnownFileType = image.jpeg; path = drag.jpg; sourceTree = "<group>"; };
/* End PBXFileReference section */

/* Begin PBXFrameworksBuildPhase section */
		1B0B5BCE1F4A6DAA00A62D3E /* Frameworks */ = {
			isa = PBXFrameworksBuildPhase;
			buildActionMask = 2147483647;
			files = (
			);
			runOnlyForDeploymentPostprocessing = 0;
		};
/* End PBXFrameworksBuildPhase section */

/* Begin PBXGroup section */
		1B0B5BC81F4A6DAA00A62D3E = {
			isa = PBXGroup;
			children = (
				1B0B5BD31F4A6DAA00A62D3E /* VideoEditDemo-Swift */,
				1B0B5BD21F4A6DAA00A62D3E /* Products */,
			);
			sourceTree = "<group>";
		};
		1B0B5BD21F4A6DAA00A62D3E /* Products */ = {
			isa = PBXGroup;
			children = (
				1B0B5BD11F4A6DAA00A62D3E /* VideoEditDemo-Swift.app */,
			);
			name = Products;
			sourceTree = "<group>";
		};
		1B0B5BD31F4A6DAA00A62D3E /* VideoEditDemo-Swift */ = {
			isa = PBXGroup;
			children = (
				1B0B5BEA1F4A78EC00A62D3E /* VideoEditTool */,
				1B0B5BD41F4A6DAA00A62D3E /* AppDelegate.swift */,
				1B0B5BD61F4A6DAA00A62D3E /* ViewController.swift */,
				1B0B5BD81F4A6DAA00A62D3E /* Main.storyboard */,
				1B0B5BDB1F4A6DAA00A62D3E /* Assets.xcassets */,
				1B0B5BDD1F4A6DAA00A62D3E /* LaunchScreen.storyboard */,
				1B0B5BE01F4A6DAA00A62D3E /* Info.plist */,
			);
			path = "VideoEditDemo-Swift";
			sourceTree = "<group>";
		};
		1B0B5BEA1F4A78EC00A62D3E /* VideoEditTool */ = {
			isa = PBXGroup;
			children = (
				1B0B5BEF1F4AA0E200A62D3E /* drag.jpg */,
				1B0B5BEB1F4A78EC00A62D3E /* DragEditView.swift */,
				1B0B5BEC1F4A78EC00A62D3E /* VideoEditVC.swift */,
			);
			path = VideoEditTool;
			sourceTree = "<group>";
		};
/* End PBXGroup section */

/* Begin PBXNativeTarget section */
		1B0B5BD01F4A6DAA00A62D3E /* VideoEditDemo-Swift */ = {
			isa = PBXNativeTarget;
			buildConfigurationList = 1B0B5BE31F4A6DAA00A62D3E /* Build configuration list for PBXNativeTarget "VideoEditDemo-Swift" */;
			buildPhases = (
				1B0B5BCD1F4A6DAA00A62D3E /* Sources */,
				1B0B5BCE1F4A6DAA00A62D3E /* Frameworks */,
				1B0B5BCF1F4A6DAA00A62D3E /* Resources */,
			);
			buildRules = (
			);
			dependencies = (
			);
			name = "VideoEditDemo-Swift";
			productName = "VideoEditDemo-Swift";
			productReference = 1B0B5BD11F4A6DAA00A62D3E /* VideoEditDemo-Swift.app */;
			productType = "com.apple.product-type.application";
		};
/* End PBXNativeTarget section */

/* Begin PBXProject section */
		1B0B5BC91F4A6DAA00A62D3E /* Project object */ = {
			isa = PBXProject;
			attributes = {
				LastSwiftUpdateCheck = 0820;
				LastUpgradeCheck = 0820;
				ORGANIZATIONNAME = "刘志伟";
				TargetAttributes = {
					1B0B5BD01F4A6DAA00A62D3E = {
						CreatedOnToolsVersion = 8.2;
						DevelopmentTeam = 4FZEH78SM7;
						ProvisioningStyle = Manual;
					};
				};
			};
			buildConfigurationList = 1B0B5BCC1F4A6DAA00A62D3E /* Build configuration list for PBXProject "VideoEditDemo-Swift" */;
			compatibilityVersion = "Xcode 3.2";
			developmentRegion = English;
			hasScannedForEncodings = 0;
			knownRegions = (
				en,
				Base,
			);
			mainGroup = 1B0B5BC81F4A6DAA00A62D3E;
			productRefGroup = 1B0B5BD21F4A6DAA00A62D3E /* Products */;
			projectDirPath = "";
			projectRoot = "";
			targets = (
				1B0B5BD01F4A6DAA00A62D3E /* VideoEditDemo-Swift */,
			);
		};
/* End PBXProject section */

/* Begin PBXResourcesBuildPhase section */
		1B0B5BCF1F4A6DAA00A62D3E /* Resources */ = {
			isa = PBXResourcesBuildPhase;
			buildActionMask = 2147483647;
			files = (
				1B0B5BDF1F4A6DAA00A62D3E /* LaunchScreen.storyboard in Resources */,
				1B0B5BF01F4AA0E200A62D3E /* drag.jpg in Resources */,
				1B0B5BDC1F4A6DAA00A62D3E /* Assets.xcassets in Resources */,
				1B0B5BDA1F4A6DAA00A62D3E /* Main.storyboard in Resources */,
			);
			runOnlyForDeploymentPostprocessing = 0;
		};
/* End PBXResourcesBuildPhase section */

/* Begin PBXSourcesBuildPhase section */
		1B0B5BCD1F4A6DAA00A62D3E /* Sources */ = {
			isa = PBXSourcesBuildPhase;
			buildActionMask = 2147483647;
			files = (
				1B0B5BED1F4A78EC00A62D3E /* DragEditView.swift in Sources */,
				1B0B5BD71F4A6DAA00A62D3E /* ViewController.swift in Sources */,
				1B0B5BEE1F4A78EC00A62D3E /* VideoEditVC.swift in Sources */,
				1B0B5BD51F4A6DAA00A62D3E /* AppDelegate.swift in Sources */,
			);
			runOnlyForDeploymentPostprocessing = 0;
		};
/* End PBXSourcesBuildPhase section */

/* Begin PBXVariantGroup section */
		1B0B5BD81F4A6DAA00A62D3E /* Main.storyboard */ = {
			isa = PBXVariantGroup;
			children = (
				1B0B5BD91F4A6DAA00A62D3E /* Base */,
			);
			name = Main.storyboard;
			sourceTree = "<group>";
		};
		1B0B5BDD1F4A6DAA00A62D3E /* LaunchScreen.storyboard */ = {
			isa = PBXVariantGroup;
			children = (
				1B0B5BDE1F4A6DAA00A62D3E /* Base */,
			);
			name = LaunchScreen.storyboard;
			sourceTree = "<group>";
		};
/* End PBXVariantGroup section */

/* Begin XCBuildConfiguration section */
		1B0B5BE11F4A6DAA00A62D3E /* Debug */ = {
			isa = XCBuildConfiguration;
			buildSettings = {
				ALWAYS_SEARCH_USER_PATHS = NO;
				CLANG_ANALYZER_NONNULL = YES;
				CLANG_CXX_LANGUAGE_STANDARD = "gnu++0x";
				CLANG_CXX_LIBRARY = "libc++";
				CLANG_ENABLE_MODULES = YES;
				CLANG_ENABLE_OBJC_ARC = YES;
				CLANG_WARN_BOOL_CONVERSION = YES;
				CLANG_WARN_CONSTANT_CONVERSION = YES;
				CLANG_WARN_DIRECT_OBJC_ISA_USAGE = YES_ERROR;
				CLANG_WARN_DOCUMENTATION_COMMENTS = YES;
				CLANG_WARN_EMPTY_BODY = YES;
				CLANG_WARN_ENUM_CONVERSION = YES;
				CLANG_WARN_INFINITE_RECURSION = YES;
				CLANG_WARN_INT_CONVERSION = YES;
				CLANG_WARN_OBJC_ROOT_CLASS = YES_ERROR;
				CLANG_WARN_SUSPICIOUS_MOVE = YES;
				CLANG_WARN_UNREACHABLE_CODE = YES;
				CLANG_WARN__DUPLICATE_METHOD_MATCH = YES;
				"CODE_SIGN_IDENTITY[sdk=iphoneos*]" = "iPhone Developer";
				COPY_PHASE_STRIP = NO;
				DEBUG_INFORMATION_FORMAT = dwarf;
				ENABLE_STRICT_OBJC_MSGSEND = YES;
				ENABLE_TESTABILITY = YES;
				GCC_C_LANGUAGE_STANDARD = gnu99;
				GCC_DYNAMIC_NO_PIC = NO;
				GCC_NO_COMMON_BLOCKS = YES;
				GCC_OPTIMIZATION_LEVEL = 0;
				GCC_PREPROCESSOR_DEFINITIONS = (
					"DEBUG=1",
					"$(inherited)",
				);
				GCC_WARN_64_TO_32_BIT_CONVERSION = YES;
				GCC_WARN_ABOUT_RETURN_TYPE = YES_ERROR;
				GCC_WARN_UNDECLARED_SELECTOR = YES;
				GCC_WARN_UNINITIALIZED_AUTOS = YES_AGGRESSIVE;
				GCC_WARN_UNUSED_FUNCTION = YES;
				GCC_WARN_UNUSED_VARIABLE = YES;
				IPHONEOS_DEPLOYMENT_TARGET = 10.2;
				MTL_ENABLE_DEBUG_INFO = YES;
				ONLY_ACTIVE_ARCH = YES;
				SDKROOT = iphoneos;
				SWIFT_ACTIVE_COMPILATION_CONDITIONS = DEBUG;
				SWIFT_OPTIMIZATION_LEVEL = "-Onone";
				TARGETED_DEVICE_FAMILY = "1,2";
			};
			name = Debug;
		};
		1B0B5BE21F4A6DAA00A62D3E /* Release */ = {
			isa = XCBuildConfiguration;
			buildSettings = {
				ALWAYS_SEARCH_USER_PATHS = NO;
				CLANG_ANALYZER_NONNULL = YES;
				CLANG_CXX_LANGUAGE_STANDARD = "gnu++0x";
				CLANG_CXX_LIBRARY = "libc++";
				CLANG_ENABLE_MODULES = YES;
				CLANG_ENABLE_OBJC_ARC = YES;
				CLANG_WARN_BOOL_CONVERSION = YES;
				CLANG_WARN_CONSTANT_CONVERSION = YES;
				CLANG_WARN_DIRECT_OBJC_ISA_USAGE = YES_ERROR;
				CLANG_WARN_DOCUMENTATION_COMMENTS = YES;
				CLANG_WARN_EMPTY_BODY = YES;
				CLANG_WARN_ENUM_CONVERSION = YES;
				CLANG_WARN_INFINITE_RECURSION = YES;
				CLANG_WARN_INT_CONVERSION = YES;
				CLANG_WARN_OBJC_ROOT_CLASS = YES_ERROR;
				CLANG_WARN_SUSPICIOUS_MOVE = YES;
				CLANG_WARN_UNREACHABLE_CODE = YES;
				CLANG_WARN__DUPLICATE_METHOD_MATCH = YES;
				"CODE_SIGN_IDENTITY[sdk=iphoneos*]" = "iPhone Developer";
				COPY_PHASE_STRIP = NO;
				DEBUG_INFORMATION_FORMAT = "dwarf-with-dsym";
				ENABLE_NS_ASSERTIONS = NO;
				ENABLE_STRICT_OBJC_MSGSEND = YES;
				GCC_C_LANGUAGE_STANDARD = gnu99;
				GCC_NO_COMMON_BLOCKS = YES;
				GCC_WARN_64_TO_32_BIT_CONVERSION = YES;
				GCC_WARN_ABOUT_RETURN_TYPE = YES_ERROR;
				GCC_WARN_UNDECLARED_SELECTOR = YES;
				GCC_WARN_UNINITIALIZED_AUTOS = YES_AGGRESSIVE;
				GCC_WARN_UNUSED_FUNCTION = YES;
				GCC_WARN_UNUSED_VARIABLE = YES;
				IPHONEOS_DEPLOYMENT_TARGET = 10.2;
				MTL_ENABLE_DEBUG_INFO = NO;
				SDKROOT = iphoneos;
				SWIFT_OPTIMIZATION_LEVEL = "-Owholemodule";
				TARGETED_DEVICE_FAMILY = "1,2";
				VALIDATE_PRODUCT = YES;
			};
			name = Release;
		};
		1B0B5BE41F4A6DAA00A62D3E /* Debug */ = {
			isa = XCBuildConfiguration;
			buildSettings = {
				ASSETCATALOG_COMPILER_APPICON_NAME = AppIcon;
				"CODE_SIGN_IDENTITY[sdk=iphoneos*]" = "iPhone Developer: Li Biao (G7VM55KCF3)";
				DEVELOPMENT_TEAM = 4FZEH78SM7;
				INFOPLIST_FILE = "VideoEditDemo-Swift/Info.plist";
				LD_RUNPATH_SEARCH_PATHS = "$(inherited) @executable_path/Frameworks";
				PRODUCT_BUNDLE_IDENTIFIER = ios.test.videoEdit;
				PRODUCT_NAME = "$(TARGET_NAME)";
				PROVISIONING_PROFILE = "56993b80-d22e-4821-b6f6-641404407dac";
				PROVISIONING_PROFILE_SPECIFIER = mau_ios_test;
				SWIFT_VERSION = 3.0;
			};
			name = Debug;
		};
		1B0B5BE51F4A6DAA00A62D3E /* Release */ = {
			isa = XCBuildConfiguration;
			buildSettings = {
				ASSETCATALOG_COMPILER_APPICON_NAME = AppIcon;
				"CODE_SIGN_IDENTITY[sdk=iphoneos*]" = "iPhone Developer: Li Biao (G7VM55KCF3)";
				DEVELOPMENT_TEAM = 4FZEH78SM7;
				INFOPLIST_FILE = "VideoEditDemo-Swift/Info.plist";
				LD_RUNPATH_SEARCH_PATHS = "$(inherited) @executable_path/Frameworks";
				PRODUCT_BUNDLE_IDENTIFIER = ios.test.videoEdit;
				PRODUCT_NAME = "$(TARGET_NAME)";
				PROVISIONING_PROFILE = "56993b80-d22e-4821-b6f6-641404407dac";
				PROVISIONING_PROFILE_SPECIFIER = mau_ios_test;
				SWIFT_VERSION = 3.0;
			};
			name = Release;
		};
/* End XCBuildConfiguration section */

/* Begin XCConfigurationList section */
		1B0B5BCC1F4A6DAA00A62D3E /* Build configuration list for PBXProject "VideoEditDemo-Swift" */ = {
			isa = XCConfigurationList;
			buildConfigurations = (
				1B0B5BE11F4A6DAA00A62D3E /* Debug */,
				1B0B5BE21F4A6DAA00A62D3E /* Release */,
			);
			defaultConfigurationIsVisible = 0;
			defaultConfigurationName = Release;
		};
		1B0B5BE31F4A6DAA00A62D3E /* Build configuration list for PBXNativeTarget "VideoEditDemo-Swift" */ = {
			isa = XCConfigurationList;
			buildConfigurations = (
				1B0B5BE41F4A6DAA00A62D3E /* Debug */,
				1B0B5BE51F4A6DAA00A62D3E /* Release */,
			);
			defaultConfigurationIsVisible = 0;
			defaultConfigurationName = Release;
		};
/* End XCConfigurationList section */
	};
	rootObject = 1B0B5BC91F4A6DAA00A62D3E /* Project object */;
}
